
Microsoft Visual Studio Solution File, Format Version 12.00
Project("{FAE04EC0-301F-11D3-BF4B-00C04F79EFBC}") = "Mission11_Trommlitz", "Mission11_Trommlitz.csproj", "{FBC71ABD-2E9F-4281-9021-C5412D368FEA}"
EndProject
Global
	GlobalSection(SolutionConfigurationPlatforms) = preSolution
		Debug|Any CPU = Debug|Any CPU
		Release|Any CPU = Release|Any CPU
	EndGlobalSection
	GlobalSection(ProjectConfigurationPlatforms) = postSolution
		{FBC71ABD-2E9F-4281-9021-C5412D368FEA}.Debug|Any CPU.ActiveCfg = Debug|Any CPU
		{FBC71ABD-2E9F-4281-9021-C5412D368FEA}.Debug|Any CPU.Build.0 = Debug|Any CPU
		{FBC71ABD-2E9F-4281-9021-C5412D368FEA}.Release|Any CPU.ActiveCfg = Release|Any CPU
		{FBC71ABD-2E9F-4281-9021-C5412D368FEA}.Release|Any CPU.Build.0 = Release|Any CPU
	EndGlobalSection
EndGlobal
